
Microsoft Visual Studio Solution File, Format Version 12.00
# Visual Studio Version 17
VisualStudioVersion = 17.7.34031.279
MinimumVisualStudioVersion = 10.0.40219.1
Project("{FAE04EC0-301F-11D3-BF4B-00C04F79EFBC}") = "BubbleSortVisual", "BubbleSortVisual\BubbleSortVisual.csproj", "{BBD1A830-FE78-4B4B-9478-9071923447FD}"
EndProject
Global
	GlobalSection(SolutionConfigurationPlatforms) = preSolution
		Debug|Any CPU = Debug|Any CPU
		Release|Any CPU = Release|Any CPU
	EndGlobalSection
	GlobalSection(ProjectConfigurationPlatforms) = postSolution
		{BBD1A830-FE78-4B4B-9478-9071923447FD}.Debug|Any CPU.ActiveCfg = Debug|Any CPU
		{BBD1A830-FE78-4B4B-9478-9071923447FD}.Debug|Any CPU.Build.0 = Debug|Any CPU
		{BBD1A830-FE78-4B4B-9478-9071923447FD}.Release|Any CPU.ActiveCfg = Release|Any CPU
		{BBD1A830-FE78-4B4B-9478-9071923447FD}.Release|Any CPU.Build.0 = Release|Any CPU
	EndGlobalSection
	GlobalSection(SolutionProperties) = preSolution
		HideSolutionNode = FALSE
	EndGlobalSection
	GlobalSection(ExtensibilityGlobals) = postSolution
		SolutionGuid = {AE178BBC-D5C2-4C08-A06B-19AAA28B757D}
	EndGlobalSection
EndGlobal
